// !$*UTF8*$!
{
	archiveVersion = 1;
	classes = {
	};
	objectVersion = 52;
	objects = {

/* Begin PBXBuildFile section */
		6C0A687726769BEC0045696E /* BugsplatTesterApp.swift in Sources */ = {isa = PBXBuildFile; fileRef = 6C0A687626769BEC0045696E /* BugsplatTesterApp.swift */; };
		6C0A687926769BEC0045696E /* ContentView.swift in Sources */ = {isa = PBXBuildFile; fileRef = 6C0A687826769BEC0045696E /* ContentView.swift */; };
		6C0A687B26769BF30045696E /* Assets.xcassets in Resources */ = {isa = PBXBuildFile; fileRef = 6C0A687A26769BF30045696E /* Assets.xcassets */; };
		6C0A687E26769BF30045696E /* Preview Assets.xcassets in Resources */ = {isa = PBXBuildFile; fileRef = 6C0A687D26769BF30045696E /* Preview Assets.xcassets */; };
		6C4A97D126A9A8E100268C75 /* Bugsplat.xcframework in Frameworks */ = {isa = PBXBuildFile; fileRef = 6C4A97D026A9A8E100268C75 /* Bugsplat.xcframework */; };
		6C4A97D226A9A8E100268C75 /* Bugsplat.xcframework in Embed Frameworks */ = {isa = PBXBuildFile; fileRef = 6C4A97D026A9A8E100268C75 /* Bugsplat.xcframework */; settings = {ATTRIBUTES = (CodeSignOnCopy, RemoveHeadersOnCopy, ); }; };
/* End PBXBuildFile section */

/* Begin PBXCopyFilesBuildPhase section */
		6C4A97D326A9A8E100268C75 /* Embed Frameworks */ = {
			isa = PBXCopyFilesBuildPhase;
			buildActionMask = 2147483647;
			dstPath = "";
			dstSubfolderSpec = 10;
			files = (
				6C4A97D226A9A8E100268C75 /* Bugsplat.xcframework in Embed Frameworks */,
			);
			name = "Embed Frameworks";
			runOnlyForDeploymentPostprocessing = 0;
		};
/* End PBXCopyFilesBuildPhase section */

/* Begin PBXFileReference section */
		6C0A687326769BEC0045696E /* BugsplatTester.app */ = {isa = PBXFileReference; explicitFileType = wrapper.application; includeInIndex = 0; path = BugsplatTester.app; sourceTree = BUILT_PRODUCTS_DIR; };
		6C0A687626769BEC0045696E /* BugsplatTesterApp.swift */ = {isa = PBXFileReference; lastKnownFileType = sourcecode.swift; path = BugsplatTesterApp.swift; sourceTree = "<group>"; };
		6C0A687826769BEC0045696E /* ContentView.swift */ = {isa = PBXFileReference; lastKnownFileType = sourcecode.swift; path = ContentView.swift; sourceTree = "<group>"; };
		6C0A687A26769BF30045696E /* Assets.xcassets */ = {isa = PBXFileReference; lastKnownFileType = folder.assetcatalog; path = Assets.xcassets; sourceTree = "<group>"; };
		6C0A687D26769BF30045696E /* Preview Assets.xcassets */ = {isa = PBXFileReference; lastKnownFileType = folder.assetcatalog; path = "Preview Assets.xcassets"; sourceTree = "<group>"; };
		6C0A687F26769BF30045696E /* Info.plist */ = {isa = PBXFileReference; lastKnownFileType = text.plist.xml; path = Info.plist; sourceTree = "<group>"; };
		6C4A97D026A9A8E100268C75 /* Bugsplat.xcframework */ = {isa = PBXFileReference; lastKnownFileType = wrapper.xcframework; name = Bugsplat.xcframework; path = BugsplatTester/Bugsplat.xcframework; sourceTree = "<group>"; };
/* End PBXFileReference section */

/* Begin PBXFrameworksBuildPhase section */
		6C0A687026769BEC0045696E /* Frameworks */ = {
			isa = PBXFrameworksBuildPhase;
			buildActionMask = 2147483647;
			files = (
				6C4A97D126A9A8E100268C75 /* Bugsplat.xcframework in Frameworks */,
			);
			runOnlyForDeploymentPostprocessing = 0;
		};
/* End PBXFrameworksBuildPhase section */

/* Begin PBXGroup section */
		6C0A686A26769BEC0045696E = {
			isa = PBXGroup;
			children = (
				6C0A687526769BEC0045696E /* BugsplatTester */,
				6C0A687426769BEC0045696E /* Products */,
				6CF0AE22267826F500AD4441 /* Frameworks */,
			);
			sourceTree = "<group>";
		};
		6C0A687426769BEC0045696E /* Products */ = {
			isa = PBXGroup;
			children = (
				6C0A687326769BEC0045696E /* BugsplatTester.app */,
			);
			name = Products;
			sourceTree = "<group>";
		};
		6C0A687526769BEC0045696E /* BugsplatTester */ = {
			isa = PBXGroup;
			children = (
				6C0A687626769BEC0045696E /* BugsplatTesterApp.swift */,
				6C0A687826769BEC0045696E /* ContentView.swift */,
				6C0A687A26769BF30045696E /* Assets.xcassets */,
				6C0A687F26769BF30045696E /* Info.plist */,
				6C0A687C26769BF30045696E /* Preview Content */,
			);
			path = BugsplatTester;
			sourceTree = "<group>";
		};
		6C0A687C26769BF30045696E /* Preview Content */ = {
			isa = PBXGroup;
			children = (
				6C0A687D26769BF30045696E /* Preview Assets.xcassets */,
			);
			path = "Preview Content";
			sourceTree = "<group>";
		};
		6CF0AE22267826F500AD4441 /* Frameworks */ = {
			isa = PBXGroup;
			children = (
				6C4A97D026A9A8E100268C75 /* Bugsplat.xcframework */,
			);
			name = Frameworks;
			sourceTree = "<group>";
		};
/* End PBXGroup section */

/* Begin PBXNativeTarget section */
		6C0A687226769BEC0045696E /* BugsplatTester */ = {
			isa = PBXNativeTarget;
			buildConfigurationList = 6C0A688226769BF30045696E /* Build configuration list for PBXNativeTarget "BugsplatTester" */;
			buildPhases = (
				6C0A686F26769BEC0045696E /* Sources */,
				6C0A687026769BEC0045696E /* Frameworks */,
				6C0A687126769BEC0045696E /* Resources */,
				6C4A97D326A9A8E100268C75 /* Embed Frameworks */,
			);
			buildRules = (
			);
			dependencies = (
			);
			name = BugsplatTester;
			productName = BugsplatTester;
			productReference = 6C0A687326769BEC0045696E /* BugsplatTester.app */;
			productType = "com.apple.product-type.application";
		};
/* End PBXNativeTarget section */

/* Begin PBXProject section */
		6C0A686B26769BEC0045696E /* Project object */ = {
			isa = PBXProject;
			attributes = {
				LastSwiftUpdateCheck = 1250;
				LastUpgradeCheck = 1250;
				TargetAttributes = {
					6C0A687226769BEC0045696E = {
						CreatedOnToolsVersion = 12.5;
					};
				};
			};
			buildConfigurationList = 6C0A686E26769BEC0045696E /* Build configuration list for PBXProject "BugsplatTester" */;
			compatibilityVersion = "Xcode 9.3";
			developmentRegion = en;
			hasScannedForEncodings = 0;
			knownRegions = (
				en,
				Base,
			);
			mainGroup = 6C0A686A26769BEC0045696E;
			productRefGroup = 6C0A687426769BEC0045696E /* Products */;
			projectDirPath = "";
			projectRoot = "";
			targets = (
				6C0A687226769BEC0045696E /* BugsplatTester */,
			);
		};
/* End PBXProject section */

/* Begin PBXResourcesBuildPhase section */
		6C0A687126769BEC0045696E /* Resources */ = {
			isa = PBXResourcesBuildPhase;
			buildActionMask = 2147483647;
			files = (
				6C0A687E26769BF30045696E /* Preview Assets.xcassets in Resources */,
				6C0A687B26769BF30045696E /* Assets.xcassets in Resources */,
			);
			runOnlyForDeploymentPostprocessing = 0;
		};
/* End PBXResourcesBuildPhase section */

/* Begin PBXSourcesBuildPhase section */
		6C0A686F26769BEC0045696E /* Sources */ = {
			isa = PBXSourcesBuildPhase;
			buildActionMask = 2147483647;
			files = (
				6C0A687926769BEC0045696E /* ContentView.swift in Sources */,
				6C0A687726769BEC0045696E /* BugsplatTesterApp.swift in Sources */,
			);
			runOnlyForDeploymentPostprocessing = 0;
		};
/* End PBXSourcesBuildPhase section */

/* Begin XCBuildConfiguration section */
		6C0A688026769BF30045696E /* Debug */ = {
			isa = XCBuildConfiguration;
			buildSettings = {
				ALWAYS_SEARCH_USER_PATHS = NO;
				CLANG_ANALYZER_NONNULL = YES;
				CLANG_ANALYZER_NUMBER_OBJECT_CONVERSION = YES_AGGRESSIVE;
				CLANG_CXX_LANGUAGE_STANDARD = "gnu++14";
				CLANG_CXX_LIBRARY = "libc++";
				CLANG_ENABLE_MODULES = YES;
				CLANG_ENABLE_OBJC_ARC = YES;
				CLANG_ENABLE_OBJC_WEAK = YES;
				CLANG_WARN_BLOCK_CAPTURE_AUTORELEASING = YES;
				CLANG_WARN_BOOL_CONVERSION = YES;
				CLANG_WARN_COMMA = YES;
				CLANG_WARN_CONSTANT_CONVERSION = YES;
				CLANG_WARN_DEPRECATED_OBJC_IMPLEMENTATIONS = YES;
				CLANG_WARN_DIRECT_OBJC_ISA_USAGE = YES_ERROR;
				CLANG_WARN_DOCUMENTATION_COMMENTS = YES;
				CLANG_WARN_EMPTY_BODY = YES;
				CLANG_WARN_ENUM_CONVERSION = YES;
				CLANG_WARN_INFINITE_RECURSION = YES;
				CLANG_WARN_INT_CONVERSION = YES;
				CLANG_WARN_NON_LITERAL_NULL_CONVERSION = YES;
				CLANG_WARN_OBJC_IMPLICIT_RETAIN_SELF = YES;
				CLANG_WARN_OBJC_LITERAL_CONVERSION = YES;
				CLANG_WARN_OBJC_ROOT_CLASS = YES_ERROR;
				CLANG_WARN_QUOTED_INCLUDE_IN_FRAMEWORK_HEADER = YES;
				CLANG_WARN_RANGE_LOOP_ANALYSIS = YES;
				CLANG_WARN_STRICT_PROTOTYPES = YES;
				CLANG_WARN_SUSPICIOUS_MOVE = YES;
				CLANG_WARN_UNGUARDED_AVAILABILITY = YES_AGGRESSIVE;
				CLANG_WARN_UNREACHABLE_CODE = YES;
				CLANG_WARN__DUPLICATE_METHOD_MATCH = YES;
				COPY_PHASE_STRIP = NO;
				DEBUG_INFORMATION_FORMAT = dwarf;
				ENABLE_STRICT_OBJC_MSGSEND = YES;
				ENABLE_TESTABILITY = YES;
				GCC_C_LANGUAGE_STANDARD = gnu11;
				GCC_DYNAMIC_NO_PIC = NO;
				GCC_NO_COMMON_BLOCKS = YES;
				GCC_OPTIMIZATION_LEVEL = 0;
				GCC_PREPROCESSOR_DEFINITIONS = (
					"DEBUG=1",
					"$(inherited)",
				);
				GCC_WARN_64_TO_32_BIT_CONVERSION = YES;
				GCC_WARN_ABOUT_RETURN_TYPE = YES_ERROR;
				GCC_WARN_UNDECLARED_SELECTOR = YES;
				GCC_WARN_UNINITIALIZED_AUTOS = YES_AGGRESSIVE;
				GCC_WARN_UNUSED_FUNCTION = YES;
				GCC_WARN_UNUSED_VARIABLE = YES;
				IPHONEOS_DEPLOYMENT_TARGET = 14.5;
				MTL_ENABLE_DEBUG_INFO = INCLUDE_SOURCE;
				MTL_FAST_MATH = YES;
				ONLY_ACTIVE_ARCH = YES;
				SDKROOT = iphoneos;
				SWIFT_ACTIVE_COMPILATION_CONDITIONS = DEBUG;
				SWIFT_OPTIMIZATION_LEVEL = "-Onone";
			};
			name = Debug;
		};
		6C0A688126769BF30045696E /* Release */ = {
			isa = XCBuildConfiguration;
			buildSettings = {
				ALWAYS_SEARCH_USER_PATHS = NO;
				CLANG_ANALYZER_NONNULL = YES;
				CLANG_ANALYZER_NUMBER_OBJECT_CONVERSION = YES_AGGRESSIVE;
				CLANG_CXX_LANGUAGE_STANDARD = "gnu++14";
				CLANG_CXX_LIBRARY = "libc++";
				CLANG_ENABLE_MODULES = YES;
				CLANG_ENABLE_OBJC_ARC = YES;
				CLANG_ENABLE_OBJC_WEAK = YES;
				CLANG_WARN_BLOCK_CAPTURE_AUTORELEASING = YES;
				CLANG_WARN_BOOL_CONVERSION = YES;
				CLANG_WARN_COMMA = YES;
				CLANG_WARN_CONSTANT_CONVERSION = YES;
				CLANG_WARN_DEPRECATED_OBJC_IMPLEMENTATIONS = YES;
				CLANG_WARN_DIRECT_OBJC_ISA_USAGE = YES_ERROR;
				CLANG_WARN_DOCUMENTATION_COMMENTS = YES;
				CLANG_WARN_EMPTY_BODY = YES;
				CLANG_WARN_ENUM_CONVERSION = YES;
				CLANG_WARN_INFINITE_RECURSION = YES;
				CLANG_WARN_INT_CONVERSION = YES;
				CLANG_WARN_NON_LITERAL_NULL_CONVERSION = YES;
				CLANG_WARN_OBJC_IMPLICIT_RETAIN_SELF = YES;
				CLANG_WARN_OBJC_LITERAL_CONVERSION = YES;
				CLANG_WARN_OBJC_ROOT_CLASS = YES_ERROR;
				CLANG_WARN_QUOTED_INCLUDE_IN_FRAMEWORK_HEADER = YES;
				CLANG_WARN_RANGE_LOOP_ANALYSIS = YES;
				CLANG_WARN_STRICT_PROTOTYPES = YES;
				CLANG_WARN_SUSPICIOUS_MOVE = YES;
				CLANG_WARN_UNGUARDED_AVAILABILITY = YES_AGGRESSIVE;
				CLANG_WARN_UNREACHABLE_CODE = YES;
				CLANG_WARN__DUPLICATE_METHOD_MATCH = YES;
				COPY_PHASE_STRIP = NO;
				DEBUG_INFORMATION_FORMAT = "dwarf-with-dsym";
				ENABLE_NS_ASSERTIONS = NO;
				ENABLE_STRICT_OBJC_MSGSEND = YES;
				GCC_C_LANGUAGE_STANDARD = gnu11;
				GCC_NO_COMMON_BLOCKS = YES;
				GCC_WARN_64_TO_32_BIT_CONVERSION = YES;
				GCC_WARN_ABOUT_RETURN_TYPE = YES_ERROR;
				GCC_WARN_UNDECLARED_SELECTOR = YES;
				GCC_WARN_UNINITIALIZED_AUTOS = YES_AGGRESSIVE;
				GCC_WARN_UNUSED_FUNCTION = YES;
				GCC_WARN_UNUSED_VARIABLE = YES;
				IPHONEOS_DEPLOYMENT_TARGET = 14.5;
				MTL_ENABLE_DEBUG_INFO = NO;
				MTL_FAST_MATH = YES;
				SDKROOT = iphoneos;
				SWIFT_COMPILATION_MODE = wholemodule;
				SWIFT_OPTIMIZATION_LEVEL = "-O";
				VALIDATE_PRODUCT = YES;
			};
			name = Release;
		};
		6C0A688326769BF30045696E /* Debug */ = {
			isa = XCBuildConfiguration;
			buildSettings = {
				ASSETCATALOG_COMPILER_APPICON_NAME = AppIcon;
				ASSETCATALOG_COMPILER_GLOBAL_ACCENT_COLOR_NAME = AccentColor;
				CODE_SIGN_IDENTITY = "Apple Development";
				CODE_SIGN_STYLE = Automatic;
				CURRENT_PROJECT_VERSION = 6;
				DEVELOPMENT_ASSET_PATHS = "\"BugsplatTester/Preview Content\"";
				DEVELOPMENT_TEAM = TN6R4Q475K;
				ENABLE_PREVIEWS = YES;
				FRAMEWORK_SEARCH_PATHS = (
					"$(inherited)",
					"$(PROJECT_DIR)",
					"$(PROJECT_DIR)/BugsplatTester",
				);
				INFOPLIST_FILE = BugsplatTester/Info.plist;
				IPHONEOS_DEPLOYMENT_TARGET = 14.0;
				LD_RUNPATH_SEARCH_PATHS = (
					"$(inherited)",
					"@executable_path/Frameworks",
				);
				MARKETING_VERSION = 1.0.1;
				PRODUCT_BUNDLE_IDENTIFIER = com.bugsplat.app.BugsplatTester;
				PRODUCT_NAME = "$(TARGET_NAME)";
				PROVISIONING_PROFILE_SPECIFIER = "";
				SWIFT_VERSION = 5.0;
				TARGETED_DEVICE_FAMILY = "1,2";
			};
			name = Debug;
		};
		6C0A688426769BF30045696E /* Release */ = {
			isa = XCBuildConfiguration;
			buildSettings = {
				ASSETCATALOG_COMPILER_APPICON_NAME = AppIcon;
				ASSETCATALOG_COMPILER_GLOBAL_ACCENT_COLOR_NAME = AccentColor;
				CODE_SIGN_IDENTITY = "Apple Development";
				CODE_SIGN_STYLE = Automatic;
				CURRENT_PROJECT_VERSION = 6;
				DEVELOPMENT_ASSET_PATHS = "\"BugsplatTester/Preview Content\"";
				DEVELOPMENT_TEAM = TN6R4Q475K;
				ENABLE_PREVIEWS = YES;
				FRAMEWORK_SEARCH_PATHS = (
					"$(inherited)",
					"$(PROJECT_DIR)",
					"$(PROJECT_DIR)/BugsplatTester",
				);
				INFOPLIST_FILE = BugsplatTester/Info.plist;
				IPHONEOS_DEPLOYMENT_TARGET = 14.0;
				LD_RUNPATH_SEARCH_PATHS = (
					"$(inherited)",
					"@executable_path/Frameworks",
				);
				MARKETING_VERSION = 1.0.1;
				PRODUCT_BUNDLE_IDENTIFIER = com.bugsplat.app.BugsplatTester;
				PRODUCT_NAME = "$(TARGET_NAME)";
				PROVISIONING_PROFILE_SPECIFIER = "";
				SWIFT_VERSION = 5.0;
				TARGETED_DEVICE_FAMILY = "1,2";
			};
			name = Release;
		};
/* End XCBuildConfiguration section */

/* Begin XCConfigurationList section */
		6C0A686E26769BEC0045696E /* Build configuration list for PBXProject "BugsplatTester" */ = {
			isa = XCConfigurationList;
			buildConfigurations = (
				6C0A688026769BF30045696E /* Debug */,
				6C0A688126769BF30045696E /* Release */,
			);
			defaultConfigurationIsVisible = 0;
			defaultConfigurationName = Release;
		};
		6C0A688226769BF30045696E /* Build configuration list for PBXNativeTarget "BugsplatTester" */ = {
			isa = XCConfigurationList;
			buildConfigurations = (
				6C0A688326769BF30045696E /* Debug */,
				6C0A688426769BF30045696E /* Release */,
			);
			defaultConfigurationIsVisible = 0;
			defaultConfigurationName = Release;
		};
/* End XCConfigurationList section */
	};
	rootObject = 6C0A686B26769BEC0045696E /* Project object */;
}
